
Microsoft Visual Studio Solution File, Format Version 12.00
# Visual Studio Version 17
VisualStudioVersion = 17.11.35312.102
MinimumVisualStudioVersion = 10.0.40219.1
Project("{9A19103F-16F7-4668-BE54-9A1E7A4F7556}") = "WebApi", "WebAPI\WebApi.csproj", "{744EA9BE-98B1-422F-A090-75536810A5CB}"
EndProject
Project("{9A19103F-16F7-4668-BE54-9A1E7A4F7556}") = "FruitAPI", "FruitAPI\FruitAPI.csproj", "{66D1FF96-DDEB-4915-ABDC-5EC9BABDF690}"
EndProject
Global
	GlobalSection(SolutionConfigurationPlatforms) = preSolution
		Debug|Any CPU = Debug|Any CPU
		Release|Any CPU = Release|Any CPU
	EndGlobalSection
	GlobalSection(ProjectConfigurationPlatforms) = postSolution
		{744EA9BE-98B1-422F-A090-75536810A5CB}.Debug|Any CPU.ActiveCfg = Debug|Any CPU
		{744EA9BE-98B1-422F-A090-75536810A5CB}.Debug|Any CPU.Build.0 = Debug|Any CPU
		{744EA9BE-98B1-422F-A090-75536810A5CB}.Release|Any CPU.ActiveCfg = Release|Any CPU
		{744EA9BE-98B1-422F-A090-75536810A5CB}.Release|Any CPU.Build.0 = Release|Any CPU
		{66D1FF96-DDEB-4915-ABDC-5EC9BABDF690}.Debug|Any CPU.ActiveCfg = Debug|Any CPU
		{66D1FF96-DDEB-4915-ABDC-5EC9BABDF690}.Debug|Any CPU.Build.0 = Debug|Any CPU
		{66D1FF96-DDEB-4915-ABDC-5EC9BABDF690}.Release|Any CPU.ActiveCfg = Release|Any CPU
		{66D1FF96-DDEB-4915-ABDC-5EC9BABDF690}.Release|Any CPU.Build.0 = Release|Any CPU
	EndGlobalSection
	GlobalSection(SolutionProperties) = preSolution
		HideSolutionNode = FALSE
	EndGlobalSection
	GlobalSection(ExtensibilityGlobals) = postSolution
		SolutionGuid = {D16EA481-C560-42C0-966D-8FEC085FBD14}
	EndGlobalSection
EndGlobal
